
Microsoft Visual Studio Solution File, Format Version 12.00
# Visual Studio Version 17
VisualStudioVersion = 17.5.33530.505
MinimumVisualStudioVersion = 10.0.40219.1
Project("{FAE04EC0-301F-11D3-BF4B-00C04F79EFBC}") = "Module14_Sort", "Module13_Sort\Module14_Sort.csproj", "{DF214AA4-5AA7-4550-A3C0-22BA224271FA}"
EndProject
Global
	GlobalSection(SolutionConfigurationPlatforms) = preSolution
		Debug|Any CPU = Debug|Any CPU
		Release|Any CPU = Release|Any CPU
	EndGlobalSection
	GlobalSection(ProjectConfigurationPlatforms) = postSolution
		{DF214AA4-5AA7-4550-A3C0-22BA224271FA}.Debug|Any CPU.ActiveCfg = Debug|Any CPU
		{DF214AA4-5AA7-4550-A3C0-22BA224271FA}.Debug|Any CPU.Build.0 = Debug|Any CPU
		{DF214AA4-5AA7-4550-A3C0-22BA224271FA}.Release|Any CPU.ActiveCfg = Release|Any CPU
		{DF214AA4-5AA7-4550-A3C0-22BA224271FA}.Release|Any CPU.Build.0 = Release|Any CPU
	EndGlobalSection
	GlobalSection(SolutionProperties) = preSolution
		HideSolutionNode = FALSE
	EndGlobalSection
	GlobalSection(ExtensibilityGlobals) = postSolution
		SolutionGuid = {0085C2C6-DC0F-4D8E-96B8-26255F44E229}
	EndGlobalSection
EndGlobal
